
Microsoft Visual Studio Solution File, Format Version 12.00
# Visual Studio Version 16
VisualStudioVersion = 16.0.30406.217
MinimumVisualStudioVersion = 10.0.40219.1
Project("{FAE04EC0-301F-11D3-BF4B-00C04F79EFBC}") = "ConsoleApp3", "ConsoleApp3\ConsoleApp3.csproj", "{C9BB135C-6BA2-4F0B-A416-C8630B6D91D4}"
EndProject
Global
	GlobalSection(SolutionConfigurationPlatforms) = preSolution
		Debug|Any CPU = Debug|Any CPU
		Release|Any CPU = Release|Any CPU
	EndGlobalSection
	GlobalSection(ProjectConfigurationPlatforms) = postSolution
		{C9BB135C-6BA2-4F0B-A416-C8630B6D91D4}.Debug|Any CPU.ActiveCfg = Debug|Any CPU
		{C9BB135C-6BA2-4F0B-A416-C8630B6D91D4}.Debug|Any CPU.Build.0 = Debug|Any CPU
		{C9BB135C-6BA2-4F0B-A416-C8630B6D91D4}.Release|Any CPU.ActiveCfg = Release|Any CPU
		{C9BB135C-6BA2-4F0B-A416-C8630B6D91D4}.Release|Any CPU.Build.0 = Release|Any CPU
	EndGlobalSection
	GlobalSection(SolutionProperties) = preSolution
		HideSolutionNode = FALSE
	EndGlobalSection
	GlobalSection(ExtensibilityGlobals) = postSolution
		SolutionGuid = {D1AFF4F4-E3C4-491D-B408-F6C0D714875F}
	EndGlobalSection
EndGlobal
